{
  "version": 4,
  "terraform_version": "1.9.4",
  "serial": 24,
  "lineage": "8af8deb2-1e59-e4ea-8051-acbc494542bc",
  "outputs": {
    "from_module": {
      "value": [
        "Instance IP:  ",
        "54.93.109.208"
      ],
      "type": [
        "tuple",
        [
          "string",
          "string"
        ]
      ]
    },
    "from_module2": {
      "value": "i-02fb61d37eb38598f",
      "type": "string"
    },
    "instance_ip_address": {
      "value": [
        "Elastic IP:  ",
        "18.196.137.150"
      ],
      "type": [
        "tuple",
        [
          "string",
          "string"
        ]
      ]
    }
  },
  "resources": [
    {
      "mode": "managed",
      "type": "aws_eip",
      "name": "elastic_ip1",
      "provider": "provider[\"registry.terraform.io/hashicorp/aws\"]",
      "instances": [
        {
          "schema_version": 0,
          "attributes": {
            "address": null,
            "allocation_id": "eipalloc-054a44bf18287b5e0",
            "arn": "arn:aws:ec2:eu-central-1:024848450401:elastic-ip/eipalloc-054a44bf18287b5e0",
            "associate_with_private_ip": null,
            "association_id": "eipassoc-0987a565d067e59af",
            "carrier_ip": "",
            "customer_owned_ip": "",
            "customer_owned_ipv4_pool": "",
            "domain": "vpc",
            "id": "eipalloc-054a44bf18287b5e0",
            "instance": "i-02fb61d37eb38598f",
            "network_border_group": "eu-central-1",
            "network_interface": "eni-0933233ccd661d2b1",
            "private_dns": "ip-172-31-28-154.eu-central-1.compute.internal",
            "private_ip": "172.31.28.154",
            "ptr_record": "",
            "public_dns": "ec2-18-196-137-150.eu-central-1.compute.amazonaws.com",
            "public_ip": "18.196.137.150",
            "public_ipv4_pool": "amazon",
            "tags": null,
            "tags_all": {},
            "timeouts": null,
            "vpc": true
          },
          "sensitive_attributes": [],
          "private": "eyJlMmJmYjczMC1lY2FhLTExZTYtOGY4OC0zNDM2M2JjN2M0YzAiOnsiZGVsZXRlIjoxODAwMDAwMDAwMDAsInJlYWQiOjkwMDAwMDAwMDAwMCwidXBkYXRlIjozMDAwMDAwMDAwMDB9fQ==",
          "dependencies": [
            "module.ec2-instance.aws_iam_instance_profile.this",
            "module.ec2-instance.aws_iam_role.this",
            "module.ec2-instance.aws_instance.ignore_ami",
            "module.ec2-instance.aws_instance.this",
            "module.ec2-instance.aws_spot_instance_request.this",
            "module.ec2-instance.data.aws_iam_policy_document.assume_role_policy",
            "module.ec2-instance.data.aws_partition.current",
            "module.ec2-instance.data.aws_ssm_parameter.this"
          ]
        }
      ]
    },
    {
      "module": "module.ec2-instance",
      "mode": "data",
      "type": "aws_partition",
      "name": "current",
      "provider": "provider[\"registry.terraform.io/hashicorp/aws\"]",
      "instances": [
        {
          "schema_version": 0,
          "attributes": {
            "dns_suffix": "amazonaws.com",
            "id": "aws",
            "partition": "aws",
            "reverse_dns_prefix": "com.amazonaws"
          },
          "sensitive_attributes": []
        }
      ]
    },
    {
      "module": "module.ec2-instance",
      "mode": "managed",
      "type": "aws_instance",
      "name": "this",
      "provider": "provider[\"registry.terraform.io/hashicorp/aws\"]",
      "instances": [
        {
          "index_key": 0,
          "schema_version": 1,
          "attributes": {
            "ami": "ami-0e872aee57663ae2d",
            "arn": "arn:aws:ec2:eu-central-1:024848450401:instance/i-02fb61d37eb38598f",
            "associate_public_ip_address": true,
            "availability_zone": "eu-central-1a",
            "capacity_reservation_specification": [
              {
                "capacity_reservation_preference": "open",
                "capacity_reservation_target": []
              }
            ],
            "cpu_core_count": 1,
            "cpu_options": [
              {
                "amd_sev_snp": "",
                "core_count": 1,
                "threads_per_core": 1
              }
            ],
            "cpu_threads_per_core": 1,
            "credit_specification": [
              {
                "cpu_credits": "standard"
              }
            ],
            "disable_api_stop": false,
            "disable_api_termination": false,
            "ebs_block_device": [],
            "ebs_optimized": false,
            "enclave_options": [
              {
                "enabled": false
              }
            ],
            "ephemeral_block_device": [],
            "get_password_data": false,
            "hibernation": false,
            "host_id": "",
            "host_resource_group_arn": null,
            "iam_instance_profile": "",
            "id": "i-02fb61d37eb38598f",
            "instance_initiated_shutdown_behavior": "stop",
            "instance_lifecycle": "",
            "instance_market_options": [],
            "instance_state": "running",
            "instance_type": "t2.micro",
            "ipv6_address_count": 0,
            "ipv6_addresses": [],
            "key_name": "",
            "launch_template": [],
            "maintenance_options": [
              {
                "auto_recovery": "default"
              }
            ],
            "metadata_options": [
              {
                "http_endpoint": "enabled",
                "http_protocol_ipv6": "disabled",
                "http_put_response_hop_limit": 1,
                "http_tokens": "optional",
                "instance_metadata_tags": "disabled"
              }
            ],
            "monitoring": false,
            "network_interface": [],
            "outpost_arn": "",
            "password_data": "",
            "placement_group": "",
            "placement_partition_number": 0,
            "primary_network_interface_id": "eni-0933233ccd661d2b1",
            "private_dns": "ip-172-31-28-154.eu-central-1.compute.internal",
            "private_dns_name_options": [
              {
                "enable_resource_name_dns_a_record": false,
                "enable_resource_name_dns_aaaa_record": false,
                "hostname_type": "ip-name"
              }
            ],
            "private_ip": "172.31.28.154",
            "public_dns": "ec2-54-93-109-208.eu-central-1.compute.amazonaws.com",
            "public_ip": "54.93.109.208",
            "root_block_device": [
              {
                "delete_on_termination": true,
                "device_name": "/dev/sda1",
                "encrypted": false,
                "iops": 3000,
                "kms_key_id": "",
                "tags": {},
                "tags_all": {},
                "throughput": 125,
                "volume_id": "vol-0b71d9309512b50b7",
                "volume_size": 8,
                "volume_type": "gp3"
              }
            ],
            "secondary_private_ips": [],
            "security_groups": [
              "default"
            ],
            "source_dest_check": true,
            "spot_instance_request_id": "",
            "subnet_id": "subnet-0bebb7e6676bb0a03",
            "tags": {
              "Name": ""
            },
            "tags_all": {
              "Name": ""
            },
            "tenancy": "default",
            "timeouts": {
              "create": null,
              "delete": null,
              "read": null,
              "update": null
            },
            "user_data": null,
            "user_data_base64": null,
            "user_data_replace_on_change": false,
            "volume_tags": {
              "Name": ""
            },
            "vpc_security_group_ids": [
              "sg-0a91e9143d6f6bbac"
            ]
          },
          "sensitive_attributes": [],
          "private": "eyJlMmJmYjczMC1lY2FhLTExZTYtOGY4OC0zNDM2M2JjN2M0YzAiOnsiY3JlYXRlIjo2MDAwMDAwMDAwMDAsImRlbGV0ZSI6MTIwMDAwMDAwMDAwMCwicmVhZCI6OTAwMDAwMDAwMDAwLCJ1cGRhdGUiOjYwMDAwMDAwMDAwMH0sInNjaGVtYV92ZXJzaW9uIjoiMSJ9",
          "dependencies": [
            "module.ec2-instance.aws_iam_instance_profile.this",
            "module.ec2-instance.aws_iam_role.this",
            "module.ec2-instance.data.aws_iam_policy_document.assume_role_policy",
            "module.ec2-instance.data.aws_partition.current",
            "module.ec2-instance.data.aws_ssm_parameter.this"
          ]
        }
      ]
    }
  ],
  "check_results": null
}
